
Microsoft Visual Studio Solution File, Format Version 12.00
# Visual Studio 15
VisualStudioVersion = 15.0.26730.16
MinimumVisualStudioVersion = 10.0.40219.1
Project("{D954291E-2A0B-460D-934E-DC6B0785DB48}") = "Cardea", "Cardea\Cardea\Cardea.shproj", "{DF4E6DFB-D17B-4DFB-A88A-5A196022A12F}"
EndProject
Project("{FAE04EC0-301F-11D3-BF4B-00C04F79EFBC}") = "Cardea.Android", "Cardea\Cardea.Android\Cardea.Android.csproj", "{FD31B737-FB77-4056-8935-D492AF56583E}"
EndProject
Project("{FAE04EC0-301F-11D3-BF4B-00C04F79EFBC}") = "Cardea.iOS", "Cardea\Cardea.iOS\Cardea.iOS.csproj", "{18DE4A40-7875-4DD5-BD2F-5F7F3053A855}"
EndProject
Global
	GlobalSection(SharedMSBuildProjectFiles) = preSolution
		Cardea\Cardea\Cardea.projitems*{18de4a40-7875-4dd5-bd2f-5f7f3053a855}*SharedItemsImports = 4
		Cardea\Cardea\Cardea.projitems*{df4e6dfb-d17b-4dfb-a88a-5a196022a12f}*SharedItemsImports = 13
		Cardea\Cardea\Cardea.projitems*{fd31b737-fb77-4056-8935-d492af56583e}*SharedItemsImports = 4
	EndGlobalSection
	GlobalSection(SolutionConfigurationPlatforms) = preSolution
		Ad-Hoc|Any CPU = Ad-Hoc|Any CPU
		Ad-Hoc|iPhone = Ad-Hoc|iPhone
		Ad-Hoc|iPhoneSimulator = Ad-Hoc|iPhoneSimulator
		AppStore|Any CPU = AppStore|Any CPU
		AppStore|iPhone = AppStore|iPhone
		AppStore|iPhoneSimulator = AppStore|iPhoneSimulator
		Debug|Any CPU = Debug|Any CPU
		Debug|iPhone = Debug|iPhone
		Debug|iPhoneSimulator = Debug|iPhoneSimulator
		Release|Any CPU = Release|Any CPU
		Release|iPhone = Release|iPhone
		Release|iPhoneSimulator = Release|iPhoneSimulator
	EndGlobalSection
	GlobalSection(ProjectConfigurationPlatforms) = postSolution
		{FD31B737-FB77-4056-8935-D492AF56583E}.Ad-Hoc|Any CPU.ActiveCfg = Release|Any CPU
		{FD31B737-FB77-4056-8935-D492AF56583E}.Ad-Hoc|Any CPU.Build.0 = Release|Any CPU
		{FD31B737-FB77-4056-8935-D492AF56583E}.Ad-Hoc|Any CPU.Deploy.0 = Release|Any CPU
		{FD31B737-FB77-4056-8935-D492AF56583E}.Ad-Hoc|iPhone.ActiveCfg = Release|Any CPU
		{FD31B737-FB77-4056-8935-D492AF56583E}.Ad-Hoc|iPhone.Build.0 = Release|Any CPU
		{FD31B737-FB77-4056-8935-D492AF56583E}.Ad-Hoc|iPhone.Deploy.0 = Release|Any CPU
		{FD31B737-FB77-4056-8935-D492AF56583E}.Ad-Hoc|iPhoneSimulator.ActiveCfg = Release|Any CPU
		{FD31B737-FB77-4056-8935-D492AF56583E}.Ad-Hoc|iPhoneSimulator.Build.0 = Release|Any CPU
		{FD31B737-FB77-4056-8935-D492AF56583E}.Ad-Hoc|iPhoneSimulator.Deploy.0 = Release|Any CPU
		{FD31B737-FB77-4056-8935-D492AF56583E}.AppStore|Any CPU.ActiveCfg = Release|Any CPU
		{FD31B737-FB77-4056-8935-D492AF56583E}.AppStore|Any CPU.Build.0 = Release|Any CPU
		{FD31B737-FB77-4056-8935-D492AF56583E}.AppStore|Any CPU.Deploy.0 = Release|Any CPU
		{FD31B737-FB77-4056-8935-D492AF56583E}.AppStore|iPhone.ActiveCfg = Release|Any CPU
		{FD31B737-FB77-4056-8935-D492AF56583E}.AppStore|iPhone.Build.0 = Release|Any CPU
		{FD31B737-FB77-4056-8935-D492AF56583E}.AppStore|iPhone.Deploy.0 = Release|Any CPU
		{FD31B737-FB77-4056-8935-D492AF56583E}.AppStore|iPhoneSimulator.ActiveCfg = Release|Any CPU
		{FD31B737-FB77-4056-8935-D492AF56583E}.AppStore|iPhoneSimulator.Build.0 = Release|Any CPU
		{FD31B737-FB77-4056-8935-D492AF56583E}.AppStore|iPhoneSimulator.Deploy.0 = Release|Any CPU
		{FD31B737-FB77-4056-8935-D492AF56583E}.Debug|Any CPU.ActiveCfg = Debug|Any CPU
		{FD31B737-FB77-4056-8935-D492AF56583E}.Debug|Any CPU.Build.0 = Debug|Any CPU
		{FD31B737-FB77-4056-8935-D492AF56583E}.Debug|Any CPU.Deploy.0 = Debug|Any CPU
		{FD31B737-FB77-4056-8935-D492AF56583E}.Debug|iPhone.ActiveCfg = Debug|Any CPU
		{FD31B737-FB77-4056-8935-D492AF56583E}.Debug|iPhone.Build.0 = Debug|Any CPU
		{FD31B737-FB77-4056-8935-D492AF56583E}.Debug|iPhone.Deploy.0 = Debug|Any CPU
		{FD31B737-FB77-4056-8935-D492AF56583E}.Debug|iPhoneSimulator.ActiveCfg = Debug|Any CPU
		{FD31B737-FB77-4056-8935-D492AF56583E}.Debug|iPhoneSimulator.Build.0 = Debug|Any CPU
		{FD31B737-FB77-4056-8935-D492AF56583E}.Debug|iPhoneSimulator.Deploy.0 = Debug|Any CPU
		{FD31B737-FB77-4056-8935-D492AF56583E}.Release|Any CPU.ActiveCfg = Release|Any CPU
		{FD31B737-FB77-4056-8935-D492AF56583E}.Release|Any CPU.Build.0 = Release|Any CPU
		{FD31B737-FB77-4056-8935-D492AF56583E}.Release|Any CPU.Deploy.0 = Release|Any CPU
		{FD31B737-FB77-4056-8935-D492AF56583E}.Release|iPhone.ActiveCfg = Release|Any CPU
		{FD31B737-FB77-4056-8935-D492AF56583E}.Release|iPhone.Build.0 = Release|Any CPU
		{FD31B737-FB77-4056-8935-D492AF56583E}.Release|iPhone.Deploy.0 = Release|Any CPU
		{FD31B737-FB77-4056-8935-D492AF56583E}.Release|iPhoneSimulator.ActiveCfg = Release|Any CPU
		{FD31B737-FB77-4056-8935-D492AF56583E}.Release|iPhoneSimulator.Build.0 = Release|Any CPU
		{FD31B737-FB77-4056-8935-D492AF56583E}.Release|iPhoneSimulator.Deploy.0 = Release|Any CPU
		{18DE4A40-7875-4DD5-BD2F-5F7F3053A855}.Ad-Hoc|Any CPU.ActiveCfg = Ad-Hoc|iPhone
		{18DE4A40-7875-4DD5-BD2F-5F7F3053A855}.Ad-Hoc|iPhone.ActiveCfg = Ad-Hoc|iPhone
		{18DE4A40-7875-4DD5-BD2F-5F7F3053A855}.Ad-Hoc|iPhone.Build.0 = Ad-Hoc|iPhone
		{18DE4A40-7875-4DD5-BD2F-5F7F3053A855}.Ad-Hoc|iPhoneSimulator.ActiveCfg = Ad-Hoc|iPhoneSimulator
		{18DE4A40-7875-4DD5-BD2F-5F7F3053A855}.Ad-Hoc|iPhoneSimulator.Build.0 = Ad-Hoc|iPhoneSimulator
		{18DE4A40-7875-4DD5-BD2F-5F7F3053A855}.AppStore|Any CPU.ActiveCfg = AppStore|iPhone
		{18DE4A40-7875-4DD5-BD2F-5F7F3053A855}.AppStore|iPhone.ActiveCfg = AppStore|iPhone
		{18DE4A40-7875-4DD5-BD2F-5F7F3053A855}.AppStore|iPhone.Build.0 = AppStore|iPhone
		{18DE4A40-7875-4DD5-BD2F-5F7F3053A855}.AppStore|iPhoneSimulator.ActiveCfg = AppStore|iPhoneSimulator
		{18DE4A40-7875-4DD5-BD2F-5F7F3053A855}.AppStore|iPhoneSimulator.Build.0 = AppStore|iPhoneSimulator
		{18DE4A40-7875-4DD5-BD2F-5F7F3053A855}.Debug|Any CPU.ActiveCfg = Debug|iPhone
		{18DE4A40-7875-4DD5-BD2F-5F7F3053A855}.Debug|iPhone.ActiveCfg = Debug|iPhone
		{18DE4A40-7875-4DD5-BD2F-5F7F3053A855}.Debug|iPhone.Build.0 = Debug|iPhone
		{18DE4A40-7875-4DD5-BD2F-5F7F3053A855}.Debug|iPhoneSimulator.ActiveCfg = Debug|iPhoneSimulator
		{18DE4A40-7875-4DD5-BD2F-5F7F3053A855}.Debug|iPhoneSimulator.Build.0 = Debug|iPhoneSimulator
		{18DE4A40-7875-4DD5-BD2F-5F7F3053A855}.Release|Any CPU.ActiveCfg = Release|iPhone
		{18DE4A40-7875-4DD5-BD2F-5F7F3053A855}.Release|iPhone.ActiveCfg = Release|iPhone
		{18DE4A40-7875-4DD5-BD2F-5F7F3053A855}.Release|iPhone.Build.0 = Release|iPhone
		{18DE4A40-7875-4DD5-BD2F-5F7F3053A855}.Release|iPhoneSimulator.ActiveCfg = Release|iPhoneSimulator
		{18DE4A40-7875-4DD5-BD2F-5F7F3053A855}.Release|iPhoneSimulator.Build.0 = Release|iPhoneSimulator
	EndGlobalSection
	GlobalSection(SolutionProperties) = preSolution
		HideSolutionNode = FALSE
	EndGlobalSection
	GlobalSection(ExtensibilityGlobals) = postSolution
		SolutionGuid = {F31A01A1-16C8-4C14-8AD8-1B660EE04816}
	EndGlobalSection
EndGlobal
